// !$*UTF8*$!
{
	archiveVersion = 1;
	classes = {
	};
	objectVersion = 50;
	objects = {

/* Begin PBXBuildFile section */
		5A8B65667446FC2A2191A085 /* libPods-Shiny-InstagramTests.a in Frameworks */ = {isa = PBXBuildFile; fileRef = 74FC72B6C0609E2D61A8875F /* libPods-Shiny-InstagramTests.a */; };
		64F387E2100A6393E11E4723 /* libPods-Shiny-InstagramUITests.a in Frameworks */ = {isa = PBXBuildFile; fileRef = CDF60B1DE7A2EA237DEB0B83 /* libPods-Shiny-InstagramUITests.a */; };
		8534731B20F81238005FCAA9 /* UserCollectionCell.m in Sources */ = {isa = PBXBuildFile; fileRef = 8534731A20F81237005FCAA9 /* UserCollectionCell.m */; };
		854D319C20F549C2009252C8 /* PostDetailViewController.m in Sources */ = {isa = PBXBuildFile; fileRef = 854D319B20F549C2009252C8 /* PostDetailViewController.m */; };
		85A3053B20F4127100549368 /* TimelineViewController.m in Sources */ = {isa = PBXBuildFile; fileRef = 85A3053A20F4127100549368 /* TimelineViewController.m */; };
		85A3053E20F41B0A00549368 /* ComposeViewController.m in Sources */ = {isa = PBXBuildFile; fileRef = 85A3053D20F41B0A00549368 /* ComposeViewController.m */; };
		85A3054420F41F4D00549368 /* FeedCell.m in Sources */ = {isa = PBXBuildFile; fileRef = 85A3054320F41F4D00549368 /* FeedCell.m */; };
		85A3054720F425F800549368 /* Post.m in Sources */ = {isa = PBXBuildFile; fileRef = 85A3054620F425F800549368 /* Post.m */; };
		85B0F6D720F5D0C600F7823F /* InfiniteScrollActivityView.m in Sources */ = {isa = PBXBuildFile; fileRef = 85B0F6D620F5D0C600F7823F /* InfiniteScrollActivityView.m */; };
		85B0F6E420F6CF1E00F7823F /* ProfileViewController.m in Sources */ = {isa = PBXBuildFile; fileRef = 85B0F6E320F6CF1E00F7823F /* ProfileViewController.m */; };
		85BDF0A320F33CE10079FB7F /* AppDelegate.m in Sources */ = {isa = PBXBuildFile; fileRef = 85BDF0A220F33CE10079FB7F /* AppDelegate.m */; };
		85BDF0A620F33CE10079FB7F /* ViewController.m in Sources */ = {isa = PBXBuildFile; fileRef = 85BDF0A520F33CE10079FB7F /* ViewController.m */; };
		85BDF0A920F33CE10079FB7F /* Main.storyboard in Resources */ = {isa = PBXBuildFile; fileRef = 85BDF0A720F33CE10079FB7F /* Main.storyboard */; };
		85BDF0AB20F33CE30079FB7F /* Assets.xcassets in Resources */ = {isa = PBXBuildFile; fileRef = 85BDF0AA20F33CE30079FB7F /* Assets.xcassets */; };
		85BDF0AE20F33CE30079FB7F /* LaunchScreen.storyboard in Resources */ = {isa = PBXBuildFile; fileRef = 85BDF0AC20F33CE30079FB7F /* LaunchScreen.storyboard */; };
		85BDF0B120F33CE30079FB7F /* main.m in Sources */ = {isa = PBXBuildFile; fileRef = 85BDF0B020F33CE30079FB7F /* main.m */; };
		85BDF0BB20F33CE30079FB7F /* Shiny_InstagramTests.m in Sources */ = {isa = PBXBuildFile; fileRef = 85BDF0BA20F33CE30079FB7F /* Shiny_InstagramTests.m */; };
		85BDF0C620F33CE30079FB7F /* Shiny_InstagramUITests.m in Sources */ = {isa = PBXBuildFile; fileRef = 85BDF0C520F33CE30079FB7F /* Shiny_InstagramUITests.m */; };
		8F3E76A218A5422ACC6CCA2C /* libPods-Shiny-Instagram.a in Frameworks */ = {isa = PBXBuildFile; fileRef = 6A99DA375274D9C6F41B2C66 /* libPods-Shiny-Instagram.a */; };
/* End PBXBuildFile section */

/* Begin PBXContainerItemProxy section */
		85BDF0B720F33CE30079FB7F /* PBXContainerItemProxy */ = {
			isa = PBXContainerItemProxy;
			containerPortal = 85BDF09620F33CE10079FB7F /* Project object */;
			proxyType = 1;
			remoteGlobalIDString = 85BDF09D20F33CE10079FB7F;
			remoteInfo = "Shiny-Instagram";
		};
		85BDF0C220F33CE30079FB7F /* PBXContainerItemProxy */ = {
			isa = PBXContainerItemProxy;
			containerPortal = 85BDF09620F33CE10079FB7F /* Project object */;
			proxyType = 1;
			remoteGlobalIDString = 85BDF09D20F33CE10079FB7F;
			remoteInfo = "Shiny-Instagram";
		};
/* End PBXContainerItemProxy section */

/* Begin PBXFileReference section */
		04ADBF6FC555511E979BC9B4 /* Pods-Shiny-InstagramTests.release.xcconfig */ = {isa = PBXFileReference; includeInIndex = 1; lastKnownFileType = text.xcconfig; name = "Pods-Shiny-InstagramTests.release.xcconfig"; path = "Pods/Target Support Files/Pods-Shiny-InstagramTests/Pods-Shiny-InstagramTests.release.xcconfig"; sourceTree = "<group>"; };
		126FB9003D38D1C031B9DB73 /* Pods-Shiny-Instagram.release.xcconfig */ = {isa = PBXFileReference; includeInIndex = 1; lastKnownFileType = text.xcconfig; name = "Pods-Shiny-Instagram.release.xcconfig"; path = "Pods/Target Support Files/Pods-Shiny-Instagram/Pods-Shiny-Instagram.release.xcconfig"; sourceTree = "<group>"; };
		3E49CC0939B605FCDB86087B /* Pods-Shiny-InstagramUITests.debug.xcconfig */ = {isa = PBXFileReference; includeInIndex = 1; lastKnownFileType = text.xcconfig; name = "Pods-Shiny-InstagramUITests.debug.xcconfig"; path = "Pods/Target Support Files/Pods-Shiny-InstagramUITests/Pods-Shiny-InstagramUITests.debug.xcconfig"; sourceTree = "<group>"; };
		56D345886A057C020CF6834A /* Pods-Shiny-InstagramUITests.release.xcconfig */ = {isa = PBXFileReference; includeInIndex = 1; lastKnownFileType = text.xcconfig; name = "Pods-Shiny-InstagramUITests.release.xcconfig"; path = "Pods/Target Support Files/Pods-Shiny-InstagramUITests/Pods-Shiny-InstagramUITests.release.xcconfig"; sourceTree = "<group>"; };
		6976CC988EBE6DA17F294913 /* Pods-Shiny-InstagramTests.debug.xcconfig */ = {isa = PBXFileReference; includeInIndex = 1; lastKnownFileType = text.xcconfig; name = "Pods-Shiny-InstagramTests.debug.xcconfig"; path = "Pods/Target Support Files/Pods-Shiny-InstagramTests/Pods-Shiny-InstagramTests.debug.xcconfig"; sourceTree = "<group>"; };
		6A99DA375274D9C6F41B2C66 /* libPods-Shiny-Instagram.a */ = {isa = PBXFileReference; explicitFileType = archive.ar; includeInIndex = 0; path = "libPods-Shiny-Instagram.a"; sourceTree = BUILT_PRODUCTS_DIR; };
		74FC72B6C0609E2D61A8875F /* libPods-Shiny-InstagramTests.a */ = {isa = PBXFileReference; explicitFileType = archive.ar; includeInIndex = 0; path = "libPods-Shiny-InstagramTests.a"; sourceTree = BUILT_PRODUCTS_DIR; };
		8534731920F81237005FCAA9 /* UserCollectionCell.h */ = {isa = PBXFileReference; lastKnownFileType = sourcecode.c.h; path = UserCollectionCell.h; sourceTree = "<group>"; };
		8534731A20F81237005FCAA9 /* UserCollectionCell.m */ = {isa = PBXFileReference; lastKnownFileType = sourcecode.c.objc; path = UserCollectionCell.m; sourceTree = "<group>"; };
		854D319A20F549C2009252C8 /* PostDetailViewController.h */ = {isa = PBXFileReference; lastKnownFileType = sourcecode.c.h; path = PostDetailViewController.h; sourceTree = "<group>"; };
		854D319B20F549C2009252C8 /* PostDetailViewController.m */ = {isa = PBXFileReference; lastKnownFileType = sourcecode.c.objc; path = PostDetailViewController.m; sourceTree = "<group>"; };
		85A3053920F4127100549368 /* TimelineViewController.h */ = {isa = PBXFileReference; lastKnownFileType = sourcecode.c.h; path = TimelineViewController.h; sourceTree = "<group>"; };
		85A3053A20F4127100549368 /* TimelineViewController.m */ = {isa = PBXFileReference; lastKnownFileType = sourcecode.c.objc; path = TimelineViewController.m; sourceTree = "<group>"; };
		85A3053C20F41B0A00549368 /* ComposeViewController.h */ = {isa = PBXFileReference; lastKnownFileType = sourcecode.c.h; path = ComposeViewController.h; sourceTree = "<group>"; };
		85A3053D20F41B0A00549368 /* ComposeViewController.m */ = {isa = PBXFileReference; lastKnownFileType = sourcecode.c.objc; path = ComposeViewController.m; sourceTree = "<group>"; };
		85A3054220F41F4D00549368 /* FeedCell.h */ = {isa = PBXFileReference; lastKnownFileType = sourcecode.c.h; name = FeedCell.h; path = "Shiny-Instagram/v/FeedCell.h"; sourceTree = SOURCE_ROOT; };
		85A3054320F41F4D00549368 /* FeedCell.m */ = {isa = PBXFileReference; lastKnownFileType = sourcecode.c.objc; name = FeedCell.m; path = "Shiny-Instagram/v/FeedCell.m"; sourceTree = SOURCE_ROOT; };
		85A3054520F425F800549368 /* Post.h */ = {isa = PBXFileReference; lastKnownFileType = sourcecode.c.h; name = Post.h; path = "Shiny-Instagram/Mdl/Post.h"; sourceTree = SOURCE_ROOT; };
		85A3054620F425F800549368 /* Post.m */ = {isa = PBXFileReference; lastKnownFileType = sourcecode.c.objc; name = Post.m; path = "Shiny-Instagram/Mdl/Post.m"; sourceTree = SOURCE_ROOT; };
		85B0F6D520F5D0C600F7823F /* InfiniteScrollActivityView.h */ = {isa = PBXFileReference; lastKnownFileType = sourcecode.c.h; path = InfiniteScrollActivityView.h; sourceTree = "<group>"; };
		85B0F6D620F5D0C600F7823F /* InfiniteScrollActivityView.m */ = {isa = PBXFileReference; lastKnownFileType = sourcecode.c.objc; path = InfiniteScrollActivityView.m; sourceTree = "<group>"; };
		85B0F6E220F6CF1E00F7823F /* ProfileViewController.h */ = {isa = PBXFileReference; lastKnownFileType = sourcecode.c.h; path = ProfileViewController.h; sourceTree = "<group>"; };
		85B0F6E320F6CF1E00F7823F /* ProfileViewController.m */ = {isa = PBXFileReference; lastKnownFileType = sourcecode.c.objc; path = ProfileViewController.m; sourceTree = "<group>"; };
		85BDF09E20F33CE10079FB7F /* Shiny-Instagram.app */ = {isa = PBXFileReference; explicitFileType = wrapper.application; includeInIndex = 0; path = "Shiny-Instagram.app"; sourceTree = BUILT_PRODUCTS_DIR; };
		85BDF0A120F33CE10079FB7F /* AppDelegate.h */ = {isa = PBXFileReference; lastKnownFileType = sourcecode.c.h; path = AppDelegate.h; sourceTree = "<group>"; };
		85BDF0A220F33CE10079FB7F /* AppDelegate.m */ = {isa = PBXFileReference; lastKnownFileType = sourcecode.c.objc; path = AppDelegate.m; sourceTree = "<group>"; };
		85BDF0A420F33CE10079FB7F /* ViewController.h */ = {isa = PBXFileReference; lastKnownFileType = sourcecode.c.h; path = ViewController.h; sourceTree = "<group>"; };
		85BDF0A520F33CE10079FB7F /* ViewController.m */ = {isa = PBXFileReference; lastKnownFileType = sourcecode.c.objc; path = ViewController.m; sourceTree = "<group>"; };
		85BDF0A820F33CE10079FB7F /* Base */ = {isa = PBXFileReference; lastKnownFileType = file.storyboard; name = Base; path = Base.lproj/Main.storyboard; sourceTree = "<group>"; };
		85BDF0AA20F33CE30079FB7F /* Assets.xcassets */ = {isa = PBXFileReference; lastKnownFileType = folder.assetcatalog; path = Assets.xcassets; sourceTree = "<group>"; };
		85BDF0AD20F33CE30079FB7F /* Base */ = {isa = PBXFileReference; lastKnownFileType = file.storyboard; name = Base; path = Base.lproj/LaunchScreen.storyboard; sourceTree = "<group>"; };
		85BDF0AF20F33CE30079FB7F /* Info.plist */ = {isa = PBXFileReference; lastKnownFileType = text.plist.xml; path = Info.plist; sourceTree = "<group>"; };
		85BDF0B020F33CE30079FB7F /* main.m */ = {isa = PBXFileReference; lastKnownFileType = sourcecode.c.objc; path = main.m; sourceTree = "<group>"; };
		85BDF0B620F33CE30079FB7F /* Shiny-InstagramTests.xctest */ = {isa = PBXFileReference; explicitFileType = wrapper.cfbundle; includeInIndex = 0; path = "Shiny-InstagramTests.xctest"; sourceTree = BUILT_PRODUCTS_DIR; };
		85BDF0BA20F33CE30079FB7F /* Shiny_InstagramTests.m */ = {isa = PBXFileReference; lastKnownFileType = sourcecode.c.objc; path = Shiny_InstagramTests.m; sourceTree = "<group>"; };
		85BDF0BC20F33CE30079FB7F /* Info.plist */ = {isa = PBXFileReference; lastKnownFileType = text.plist.xml; path = Info.plist; sourceTree = "<group>"; };
		85BDF0C120F33CE30079FB7F /* Shiny-InstagramUITests.xctest */ = {isa = PBXFileReference; explicitFileType = wrapper.cfbundle; includeInIndex = 0; path = "Shiny-InstagramUITests.xctest"; sourceTree = BUILT_PRODUCTS_DIR; };
		85BDF0C520F33CE30079FB7F /* Shiny_InstagramUITests.m */ = {isa = PBXFileReference; lastKnownFileType = sourcecode.c.objc; path = Shiny_InstagramUITests.m; sourceTree = "<group>"; };
		85BDF0C720F33CE30079FB7F /* Info.plist */ = {isa = PBXFileReference; lastKnownFileType = text.plist.xml; path = Info.plist; sourceTree = "<group>"; };
		AD2E82203496FE13FEB013BF /* Pods-Shiny-Instagram.debug.xcconfig */ = {isa = PBXFileReference; includeInIndex = 1; lastKnownFileType = text.xcconfig; name = "Pods-Shiny-Instagram.debug.xcconfig"; path = "Pods/Target Support Files/Pods-Shiny-Instagram/Pods-Shiny-Instagram.debug.xcconfig"; sourceTree = "<group>"; };
		CDF60B1DE7A2EA237DEB0B83 /* libPods-Shiny-InstagramUITests.a */ = {isa = PBXFileReference; explicitFileType = archive.ar; includeInIndex = 0; path = "libPods-Shiny-InstagramUITests.a"; sourceTree = BUILT_PRODUCTS_DIR; };
/* End PBXFileReference section */

/* Begin PBXFrameworksBuildPhase section */
		85BDF09B20F33CE10079FB7F /* Frameworks */ = {
			isa = PBXFrameworksBuildPhase;
			buildActionMask = 2147483647;
			files = (
				8F3E76A218A5422ACC6CCA2C /* libPods-Shiny-Instagram.a in Frameworks */,
			);
			runOnlyForDeploymentPostprocessing = 0;
		};
		85BDF0B320F33CE30079FB7F /* Frameworks */ = {
			isa = PBXFrameworksBuildPhase;
			buildActionMask = 2147483647;
			files = (
				5A8B65667446FC2A2191A085 /* libPods-Shiny-InstagramTests.a in Frameworks */,
			);
			runOnlyForDeploymentPostprocessing = 0;
		};
		85BDF0BE20F33CE30079FB7F /* Frameworks */ = {
			isa = PBXFrameworksBuildPhase;
			buildActionMask = 2147483647;
			files = (
				64F387E2100A6393E11E4723 /* libPods-Shiny-InstagramUITests.a in Frameworks */,
			);
			runOnlyForDeploymentPostprocessing = 0;
		};
/* End PBXFrameworksBuildPhase section */

/* Begin PBXGroup section */
		7468AA760AC769225E233B47 /* Pods */ = {
			isa = PBXGroup;
			children = (
				AD2E82203496FE13FEB013BF /* Pods-Shiny-Instagram.debug.xcconfig */,
				126FB9003D38D1C031B9DB73 /* Pods-Shiny-Instagram.release.xcconfig */,
				6976CC988EBE6DA17F294913 /* Pods-Shiny-InstagramTests.debug.xcconfig */,
				04ADBF6FC555511E979BC9B4 /* Pods-Shiny-InstagramTests.release.xcconfig */,
				3E49CC0939B605FCDB86087B /* Pods-Shiny-InstagramUITests.debug.xcconfig */,
				56D345886A057C020CF6834A /* Pods-Shiny-InstagramUITests.release.xcconfig */,
			);
			name = Pods;
			sourceTree = "<group>";
		};
		852AC0D320F53915006A4F22 /* Mdl */ = {
			isa = PBXGroup;
			children = (
				85A3054520F425F800549368 /* Post.h */,
				85A3054620F425F800549368 /* Post.m */,
			);
			path = Mdl;
			sourceTree = "<group>";
		};
		852AC0D520F5395B006A4F22 /* Views */ = {
			isa = PBXGroup;
			children = (
				8534731920F81237005FCAA9 /* UserCollectionCell.h */,
				8534731A20F81237005FCAA9 /* UserCollectionCell.m */,
				85B0F6D520F5D0C600F7823F /* InfiniteScrollActivityView.h */,
				85B0F6D620F5D0C600F7823F /* InfiniteScrollActivityView.m */,
				85A3054220F41F4D00549368 /* FeedCell.h */,
				85A3054320F41F4D00549368 /* FeedCell.m */,
			);
			name = Views;
			path = v;
			sourceTree = "<group>";
		};
		85A3053620F4100700549368 /* View Controllers */ = {
			isa = PBXGroup;
			children = (
				854D319A20F549C2009252C8 /* PostDetailViewController.h */,
				854D319B20F549C2009252C8 /* PostDetailViewController.m */,
				85A3053C20F41B0A00549368 /* ComposeViewController.h */,
				85A3053D20F41B0A00549368 /* ComposeViewController.m */,
				85BDF0A420F33CE10079FB7F /* ViewController.h */,
				85BDF0A520F33CE10079FB7F /* ViewController.m */,
				85A3053920F4127100549368 /* TimelineViewController.h */,
				85A3053A20F4127100549368 /* TimelineViewController.m */,
				85B0F6E220F6CF1E00F7823F /* ProfileViewController.h */,
				85B0F6E320F6CF1E00F7823F /* ProfileViewController.m */,
			);
			name = "View Controllers";
			path = ..;
			sourceTree = "<group>";
		};
		85BDF09520F33CE10079FB7F = {
			isa = PBXGroup;
			children = (
				85BDF0A020F33CE10079FB7F /* Shiny-Instagram */,
				85BDF0B920F33CE30079FB7F /* Shiny-InstagramTests */,
				85BDF0C420F33CE30079FB7F /* Shiny-InstagramUITests */,
				85BDF09F20F33CE10079FB7F /* Products */,
				7468AA760AC769225E233B47 /* Pods */,
				B5F7F9E8FC97AE1349B3B477 /* Frameworks */,
			);
			sourceTree = "<group>";
		};
		85BDF09F20F33CE10079FB7F /* Products */ = {
			isa = PBXGroup;
			children = (
				85BDF09E20F33CE10079FB7F /* Shiny-Instagram.app */,
				85BDF0B620F33CE30079FB7F /* Shiny-InstagramTests.xctest */,
				85BDF0C120F33CE30079FB7F /* Shiny-InstagramUITests.xctest */,
			);
			name = Products;
			sourceTree = "<group>";
		};
		85BDF0A020F33CE10079FB7F /* Shiny-Instagram */ = {
			isa = PBXGroup;
			children = (
				852AC0D520F5395B006A4F22 /* Views */,
				852AC0D320F53915006A4F22 /* Mdl */,
				85A3053620F4100700549368 /* View Controllers */,
				85BDF0A220F33CE10079FB7F /* AppDelegate.m */,
				85BDF0A120F33CE10079FB7F /* AppDelegate.h */,
				85BDF0A720F33CE10079FB7F /* Main.storyboard */,
				85BDF0AA20F33CE30079FB7F /* Assets.xcassets */,
				85BDF0AC20F33CE30079FB7F /* LaunchScreen.storyboard */,
				85BDF0AF20F33CE30079FB7F /* Info.plist */,
				85BDF0B020F33CE30079FB7F /* main.m */,
			);
			path = "Shiny-Instagram";
			sourceTree = "<group>";
		};
		85BDF0B920F33CE30079FB7F /* Shiny-InstagramTests */ = {
			isa = PBXGroup;
			children = (
				85BDF0BA20F33CE30079FB7F /* Shiny_InstagramTests.m */,
				85BDF0BC20F33CE30079FB7F /* Info.plist */,
			);
			path = "Shiny-InstagramTests";
			sourceTree = "<group>";
		};
		85BDF0C420F33CE30079FB7F /* Shiny-InstagramUITests */ = {
			isa = PBXGroup;
			children = (
				85BDF0C520F33CE30079FB7F /* Shiny_InstagramUITests.m */,
				85BDF0C720F33CE30079FB7F /* Info.plist */,
			);
			path = "Shiny-InstagramUITests";
			sourceTree = "<group>";
		};
		B5F7F9E8FC97AE1349B3B477 /* Frameworks */ = {
			isa = PBXGroup;
			children = (
				6A99DA375274D9C6F41B2C66 /* libPods-Shiny-Instagram.a */,
				74FC72B6C0609E2D61A8875F /* libPods-Shiny-InstagramTests.a */,
				CDF60B1DE7A2EA237DEB0B83 /* libPods-Shiny-InstagramUITests.a */,
			);
			name = Frameworks;
			sourceTree = "<group>";
		};
/* End PBXGroup section */

/* Begin PBXNativeTarget section */
		85BDF09D20F33CE10079FB7F /* Shiny-Instagram */ = {
			isa = PBXNativeTarget;
			buildConfigurationList = 85BDF0CA20F33CE30079FB7F /* Build configuration list for PBXNativeTarget "Shiny-Instagram" */;
			buildPhases = (
				5561C7E00FD3300C6E31B73D /* [CP] Check Pods Manifest.lock */,
				85BDF09A20F33CE10079FB7F /* Sources */,
				85BDF09B20F33CE10079FB7F /* Frameworks */,
				85BDF09C20F33CE10079FB7F /* Resources */,
				ED06FACD525DD7BDC9AD24D7 /* [CP] Copy Pods Resources */,
			);
			buildRules = (
			);
			dependencies = (
			);
			name = "Shiny-Instagram";
			productName = "Shiny-Instagram";
			productReference = 85BDF09E20F33CE10079FB7F /* Shiny-Instagram.app */;
			productType = "com.apple.product-type.application";
		};
		85BDF0B520F33CE30079FB7F /* Shiny-InstagramTests */ = {
			isa = PBXNativeTarget;
			buildConfigurationList = 85BDF0CD20F33CE30079FB7F /* Build configuration list for PBXNativeTarget "Shiny-InstagramTests" */;
			buildPhases = (
				AEF958A33530601515C539A0 /* [CP] Check Pods Manifest.lock */,
				85BDF0B220F33CE30079FB7F /* Sources */,
				85BDF0B320F33CE30079FB7F /* Frameworks */,
				85BDF0B420F33CE30079FB7F /* Resources */,
			);
			buildRules = (
			);
			dependencies = (
				85BDF0B820F33CE30079FB7F /* PBXTargetDependency */,
			);
			name = "Shiny-InstagramTests";
			productName = "Shiny-InstagramTests";
			productReference = 85BDF0B620F33CE30079FB7F /* Shiny-InstagramTests.xctest */;
			productType = "com.apple.product-type.bundle.unit-test";
		};
		85BDF0C020F33CE30079FB7F /* Shiny-InstagramUITests */ = {
			isa = PBXNativeTarget;
			buildConfigurationList = 85BDF0D020F33CE30079FB7F /* Build configuration list for PBXNativeTarget "Shiny-InstagramUITests" */;
			buildPhases = (
				AB374F843E86AE399BEBBBC6 /* [CP] Check Pods Manifest.lock */,
				85BDF0BD20F33CE30079FB7F /* Sources */,
				85BDF0BE20F33CE30079FB7F /* Frameworks */,
				85BDF0BF20F33CE30079FB7F /* Resources */,
			);
			buildRules = (
			);
			dependencies = (
				85BDF0C320F33CE30079FB7F /* PBXTargetDependency */,
			);
			name = "Shiny-InstagramUITests";
			productName = "Shiny-InstagramUITests";
			productReference = 85BDF0C120F33CE30079FB7F /* Shiny-InstagramUITests.xctest */;
			productType = "com.apple.product-type.bundle.ui-testing";
		};
/* End PBXNativeTarget section */

/* Begin PBXProject section */
		85BDF09620F33CE10079FB7F /* Project object */ = {
			isa = PBXProject;
			attributes = {
				LastUpgradeCheck = 0940;
				ORGANIZATIONNAME = "Youngmin Shin";
				TargetAttributes = {
					85BDF09D20F33CE10079FB7F = {
						CreatedOnToolsVersion = 9.4.1;
					};
					85BDF0B520F33CE30079FB7F = {
						CreatedOnToolsVersion = 9.4.1;
						TestTargetID = 85BDF09D20F33CE10079FB7F;
					};
					85BDF0C020F33CE30079FB7F = {
						CreatedOnToolsVersion = 9.4.1;
						TestTargetID = 85BDF09D20F33CE10079FB7F;
					};
				};
			};
			buildConfigurationList = 85BDF09920F33CE10079FB7F /* Build configuration list for PBXProject "Shiny-Instagram" */;
			compatibilityVersion = "Xcode 9.3";
			developmentRegion = en;
			hasScannedForEncodings = 0;
			knownRegions = (
				en,
				Base,
			);
			mainGroup = 85BDF09520F33CE10079FB7F;
			productRefGroup = 85BDF09F20F33CE10079FB7F /* Products */;
			projectDirPath = "";
			projectRoot = "";
			targets = (
				85BDF09D20F33CE10079FB7F /* Shiny-Instagram */,
				85BDF0B520F33CE30079FB7F /* Shiny-InstagramTests */,
				85BDF0C020F33CE30079FB7F /* Shiny-InstagramUITests */,
			);
		};
/* End PBXProject section */

/* Begin PBXResourcesBuildPhase section */
		85BDF09C20F33CE10079FB7F /* Resources */ = {
			isa = PBXResourcesBuildPhase;
			buildActionMask = 2147483647;
			files = (
				85BDF0AE20F33CE30079FB7F /* LaunchScreen.storyboard in Resources */,
				85BDF0AB20F33CE30079FB7F /* Assets.xcassets in Resources */,
				85BDF0A920F33CE10079FB7F /* Main.storyboard in Resources */,
			);
			runOnlyForDeploymentPostprocessing = 0;
		};
		85BDF0B420F33CE30079FB7F /* Resources */ = {
			isa = PBXResourcesBuildPhase;
			buildActionMask = 2147483647;
			files = (
			);
			runOnlyForDeploymentPostprocessing = 0;
		};
		85BDF0BF20F33CE30079FB7F /* Resources */ = {
			isa = PBXResourcesBuildPhase;
			buildActionMask = 2147483647;
			files = (
			);
			runOnlyForDeploymentPostprocessing = 0;
		};
/* End PBXResourcesBuildPhase section */

/* Begin PBXShellScriptBuildPhase section */
		5561C7E00FD3300C6E31B73D /* [CP] Check Pods Manifest.lock */ = {
			isa = PBXShellScriptBuildPhase;
			buildActionMask = 2147483647;
			files = (
			);
			inputPaths = (
				"${PODS_PODFILE_DIR_PATH}/Podfile.lock",
				"${PODS_ROOT}/Manifest.lock",
			);
			name = "[CP] Check Pods Manifest.lock";
			outputPaths = (
				"$(DERIVED_FILE_DIR)/Pods-Shiny-Instagram-checkManifestLockResult.txt",
			);
			runOnlyForDeploymentPostprocessing = 0;
			shellPath = /bin/sh;
			shellScript = "diff \"${PODS_PODFILE_DIR_PATH}/Podfile.lock\" \"${PODS_ROOT}/Manifest.lock\" > /dev/null\nif [ $? != 0 ] ; then\n    # print error to STDERR\n    echo \"error: The sandbox is not in sync with the Podfile.lock. Run 'pod install' or update your CocoaPods installation.\" >&2\n    exit 1\nfi\n# This output is used by Xcode 'outputs' to avoid re-running this script phase.\necho \"SUCCESS\" > \"${SCRIPT_OUTPUT_FILE_0}\"\n";
			showEnvVarsInLog = 0;
		};
		AB374F843E86AE399BEBBBC6 /* [CP] Check Pods Manifest.lock */ = {
			isa = PBXShellScriptBuildPhase;
			buildActionMask = 2147483647;
			files = (
			);
			inputPaths = (
				"${PODS_PODFILE_DIR_PATH}/Podfile.lock",
				"${PODS_ROOT}/Manifest.lock",
			);
			name = "[CP] Check Pods Manifest.lock";
			outputPaths = (
				"$(DERIVED_FILE_DIR)/Pods-Shiny-InstagramUITests-checkManifestLockResult.txt",
			);
			runOnlyForDeploymentPostprocessing = 0;
			shellPath = /bin/sh;
			shellScript = "diff \"${PODS_PODFILE_DIR_PATH}/Podfile.lock\" \"${PODS_ROOT}/Manifest.lock\" > /dev/null\nif [ $? != 0 ] ; then\n    # print error to STDERR\n    echo \"error: The sandbox is not in sync with the Podfile.lock. Run 'pod install' or update your CocoaPods installation.\" >&2\n    exit 1\nfi\n# This output is used by Xcode 'outputs' to avoid re-running this script phase.\necho \"SUCCESS\" > \"${SCRIPT_OUTPUT_FILE_0}\"\n";
			showEnvVarsInLog = 0;
		};
		AEF958A33530601515C539A0 /* [CP] Check Pods Manifest.lock */ = {
			isa = PBXShellScriptBuildPhase;
			buildActionMask = 2147483647;
			files = (
			);
			inputPaths = (
				"${PODS_PODFILE_DIR_PATH}/Podfile.lock",
				"${PODS_ROOT}/Manifest.lock",
			);
			name = "[CP] Check Pods Manifest.lock";
			outputPaths = (
				"$(DERIVED_FILE_DIR)/Pods-Shiny-InstagramTests-checkManifestLockResult.txt",
			);
			runOnlyForDeploymentPostprocessing = 0;
			shellPath = /bin/sh;
			shellScript = "diff \"${PODS_PODFILE_DIR_PATH}/Podfile.lock\" \"${PODS_ROOT}/Manifest.lock\" > /dev/null\nif [ $? != 0 ] ; then\n    # print error to STDERR\n    echo \"error: The sandbox is not in sync with the Podfile.lock. Run 'pod install' or update your CocoaPods installation.\" >&2\n    exit 1\nfi\n# This output is used by Xcode 'outputs' to avoid re-running this script phase.\necho \"SUCCESS\" > \"${SCRIPT_OUTPUT_FILE_0}\"\n";
			showEnvVarsInLog = 0;
		};
		ED06FACD525DD7BDC9AD24D7 /* [CP] Copy Pods Resources */ = {
			isa = PBXShellScriptBuildPhase;
			buildActionMask = 2147483647;
			files = (
			);
			inputPaths = (
				"${SRCROOT}/Pods/Target Support Files/Pods-Shiny-Instagram/Pods-Shiny-Instagram-resources.sh",
				"${PODS_ROOT}/DateTools/DateTools/DateTools/DateTools.bundle",
				"${PODS_CONFIGURATION_BUILD_DIR}/Parse/Parse.bundle",
				"${PODS_ROOT}/ParseUI/ParseUI/Resources/Localization/en.lproj",
				"${PODS_ROOT}/ParseUI/ParseUI/Resources/Localization/fr.lproj",
				"${PODS_ROOT}/ParseUI/ParseUI/Resources/Localization/pt-BR.lproj",
			);
			name = "[CP] Copy Pods Resources";
			outputPaths = (
				"${TARGET_BUILD_DIR}/${UNLOCALIZED_RESOURCES_FOLDER_PATH}/DateTools.bundle",
				"${TARGET_BUILD_DIR}/${UNLOCALIZED_RESOURCES_FOLDER_PATH}/Parse.bundle",
				"${TARGET_BUILD_DIR}/${UNLOCALIZED_RESOURCES_FOLDER_PATH}/en.lproj",
				"${TARGET_BUILD_DIR}/${UNLOCALIZED_RESOURCES_FOLDER_PATH}/fr.lproj",
				"${TARGET_BUILD_DIR}/${UNLOCALIZED_RESOURCES_FOLDER_PATH}/pt-BR.lproj",
			);
			runOnlyForDeploymentPostprocessing = 0;
			shellPath = /bin/sh;
			shellScript = "\"${SRCROOT}/Pods/Target Support Files/Pods-Shiny-Instagram/Pods-Shiny-Instagram-resources.sh\"\n";
			showEnvVarsInLog = 0;
		};
/* End PBXShellScriptBuildPhase section */

/* Begin PBXSourcesBuildPhase section */
		85BDF09A20F33CE10079FB7F /* Sources */ = {
			isa = PBXSourcesBuildPhase;
			buildActionMask = 2147483647;
			files = (
				85BDF0A620F33CE10079FB7F /* ViewController.m in Sources */,
				85A3053B20F4127100549368 /* TimelineViewController.m in Sources */,
				85BDF0B120F33CE30079FB7F /* main.m in Sources */,
				85A3054420F41F4D00549368 /* FeedCell.m in Sources */,
				85B0F6E420F6CF1E00F7823F /* ProfileViewController.m in Sources */,
				85A3053E20F41B0A00549368 /* ComposeViewController.m in Sources */,
				8534731B20F81238005FCAA9 /* UserCollectionCell.m in Sources */,
				854D319C20F549C2009252C8 /* PostDetailViewController.m in Sources */,
				85BDF0A320F33CE10079FB7F /* AppDelegate.m in Sources */,
				85B0F6D720F5D0C600F7823F /* InfiniteScrollActivityView.m in Sources */,
				85A3054720F425F800549368 /* Post.m in Sources */,
			);
			runOnlyForDeploymentPostprocessing = 0;
		};
		85BDF0B220F33CE30079FB7F /* Sources */ = {
			isa = PBXSourcesBuildPhase;
			buildActionMask = 2147483647;
			files = (
				85BDF0BB20F33CE30079FB7F /* Shiny_InstagramTests.m in Sources */,
			);
			runOnlyForDeploymentPostprocessing = 0;
		};
		85BDF0BD20F33CE30079FB7F /* Sources */ = {
			isa = PBXSourcesBuildPhase;
			buildActionMask = 2147483647;
			files = (
				85BDF0C620F33CE30079FB7F /* Shiny_InstagramUITests.m in Sources */,
			);
			runOnlyForDeploymentPostprocessing = 0;
		};
/* End PBXSourcesBuildPhase section */

/* Begin PBXTargetDependency section */
		85BDF0B820F33CE30079FB7F /* PBXTargetDependency */ = {
			isa = PBXTargetDependency;
			target = 85BDF09D20F33CE10079FB7F /* Shiny-Instagram */;
			targetProxy = 85BDF0B720F33CE30079FB7F /* PBXContainerItemProxy */;
		};
		85BDF0C320F33CE30079FB7F /* PBXTargetDependency */ = {
			isa = PBXTargetDependency;
			target = 85BDF09D20F33CE10079FB7F /* Shiny-Instagram */;
			targetProxy = 85BDF0C220F33CE30079FB7F /* PBXContainerItemProxy */;
		};
/* End PBXTargetDependency section */

/* Begin PBXVariantGroup section */
		85BDF0A720F33CE10079FB7F /* Main.storyboard */ = {
			isa = PBXVariantGroup;
			children = (
				85BDF0A820F33CE10079FB7F /* Base */,
			);
			name = Main.storyboard;
			sourceTree = "<group>";
		};
		85BDF0AC20F33CE30079FB7F /* LaunchScreen.storyboard */ = {
			isa = PBXVariantGroup;
			children = (
				85BDF0AD20F33CE30079FB7F /* Base */,
			);
			name = LaunchScreen.storyboard;
			sourceTree = "<group>";
		};
/* End PBXVariantGroup section */

/* Begin XCBuildConfiguration section */
		85BDF0C820F33CE30079FB7F /* Debug */ = {
			isa = XCBuildConfiguration;
			buildSettings = {
				ALWAYS_SEARCH_USER_PATHS = NO;
				CLANG_ANALYZER_NONNULL = YES;
				CLANG_ANALYZER_NUMBER_OBJECT_CONVERSION = YES_AGGRESSIVE;
				CLANG_CXX_LANGUAGE_STANDARD = "gnu++14";
				CLANG_CXX_LIBRARY = "libc++";
				CLANG_ENABLE_MODULES = YES;
				CLANG_ENABLE_OBJC_ARC = YES;
				CLANG_ENABLE_OBJC_WEAK = YES;
				CLANG_WARN_BLOCK_CAPTURE_AUTORELEASING = YES;
				CLANG_WARN_BOOL_CONVERSION = YES;
				CLANG_WARN_COMMA = YES;
				CLANG_WARN_CONSTANT_CONVERSION = YES;
				CLANG_WARN_DEPRECATED_OBJC_IMPLEMENTATIONS = YES;
				CLANG_WARN_DIRECT_OBJC_ISA_USAGE = YES_ERROR;
				CLANG_WARN_DOCUMENTATION_COMMENTS = YES;
				CLANG_WARN_EMPTY_BODY = YES;
				CLANG_WARN_ENUM_CONVERSION = YES;
				CLANG_WARN_INFINITE_RECURSION = YES;
				CLANG_WARN_INT_CONVERSION = YES;
				CLANG_WARN_NON_LITERAL_NULL_CONVERSION = YES;
				CLANG_WARN_OBJC_IMPLICIT_RETAIN_SELF = YES;
				CLANG_WARN_OBJC_LITERAL_CONVERSION = YES;
				CLANG_WARN_OBJC_ROOT_CLASS = YES_ERROR;
				CLANG_WARN_RANGE_LOOP_ANALYSIS = YES;
				CLANG_WARN_STRICT_PROTOTYPES = YES;
				CLANG_WARN_SUSPICIOUS_MOVE = YES;
				CLANG_WARN_UNGUARDED_AVAILABILITY = YES_AGGRESSIVE;
				CLANG_WARN_UNREACHABLE_CODE = YES;
				CLANG_WARN__DUPLICATE_METHOD_MATCH = YES;
				CODE_SIGN_IDENTITY = "iPhone Developer";
				COPY_PHASE_STRIP = NO;
				DEBUG_INFORMATION_FORMAT = dwarf;
				ENABLE_STRICT_OBJC_MSGSEND = YES;
				ENABLE_TESTABILITY = YES;
				GCC_C_LANGUAGE_STANDARD = gnu11;
				GCC_DYNAMIC_NO_PIC = NO;
				GCC_NO_COMMON_BLOCKS = YES;
				GCC_OPTIMIZATION_LEVEL = 0;
				GCC_PREPROCESSOR_DEFINITIONS = (
					"DEBUG=1",
					"$(inherited)",
				);
				GCC_WARN_64_TO_32_BIT_CONVERSION = YES;
				GCC_WARN_ABOUT_RETURN_TYPE = YES_ERROR;
				GCC_WARN_UNDECLARED_SELECTOR = YES;
				GCC_WARN_UNINITIALIZED_AUTOS = YES_AGGRESSIVE;
				GCC_WARN_UNUSED_FUNCTION = YES;
				GCC_WARN_UNUSED_VARIABLE = YES;
				IPHONEOS_DEPLOYMENT_TARGET = 11.4;
				MTL_ENABLE_DEBUG_INFO = YES;
				ONLY_ACTIVE_ARCH = YES;
				SDKROOT = iphoneos;
			};
			name = Debug;
		};
		85BDF0C920F33CE30079FB7F /* Release */ = {
			isa = XCBuildConfiguration;
			buildSettings = {
				ALWAYS_SEARCH_USER_PATHS = NO;
				CLANG_ANALYZER_NONNULL = YES;
				CLANG_ANALYZER_NUMBER_OBJECT_CONVERSION = YES_AGGRESSIVE;
				CLANG_CXX_LANGUAGE_STANDARD = "gnu++14";
				CLANG_CXX_LIBRARY = "libc++";
				CLANG_ENABLE_MODULES = YES;
				CLANG_ENABLE_OBJC_ARC = YES;
				CLANG_ENABLE_OBJC_WEAK = YES;
				CLANG_WARN_BLOCK_CAPTURE_AUTORELEASING = YES;
				CLANG_WARN_BOOL_CONVERSION = YES;
				CLANG_WARN_COMMA = YES;
				CLANG_WARN_CONSTANT_CONVERSION = YES;
				CLANG_WARN_DEPRECATED_OBJC_IMPLEMENTATIONS = YES;
				CLANG_WARN_DIRECT_OBJC_ISA_USAGE = YES_ERROR;
				CLANG_WARN_DOCUMENTATION_COMMENTS = YES;
				CLANG_WARN_EMPTY_BODY = YES;
				CLANG_WARN_ENUM_CONVERSION = YES;
				CLANG_WARN_INFINITE_RECURSION = YES;
				CLANG_WARN_INT_CONVERSION = YES;
				CLANG_WARN_NON_LITERAL_NULL_CONVERSION = YES;
				CLANG_WARN_OBJC_IMPLICIT_RETAIN_SELF = YES;
				CLANG_WARN_OBJC_LITERAL_CONVERSION = YES;
				CLANG_WARN_OBJC_ROOT_CLASS = YES_ERROR;
				CLANG_WARN_RANGE_LOOP_ANALYSIS = YES;
				CLANG_WARN_STRICT_PROTOTYPES = YES;
				CLANG_WARN_SUSPICIOUS_MOVE = YES;
				CLANG_WARN_UNGUARDED_AVAILABILITY = YES_AGGRESSIVE;
				CLANG_WARN_UNREACHABLE_CODE = YES;
				CLANG_WARN__DUPLICATE_METHOD_MATCH = YES;
				CODE_SIGN_IDENTITY = "iPhone Developer";
				COPY_PHASE_STRIP = NO;
				DEBUG_INFORMATION_FORMAT = "dwarf-with-dsym";
				ENABLE_NS_ASSERTIONS = NO;
				ENABLE_STRICT_OBJC_MSGSEND = YES;
				GCC_C_LANGUAGE_STANDARD = gnu11;
				GCC_NO_COMMON_BLOCKS = YES;
				GCC_WARN_64_TO_32_BIT_CONVERSION = YES;
				GCC_WARN_ABOUT_RETURN_TYPE = YES_ERROR;
				GCC_WARN_UNDECLARED_SELECTOR = YES;
				GCC_WARN_UNINITIALIZED_AUTOS = YES_AGGRESSIVE;
				GCC_WARN_UNUSED_FUNCTION = YES;
				GCC_WARN_UNUSED_VARIABLE = YES;
				IPHONEOS_DEPLOYMENT_TARGET = 11.4;
				MTL_ENABLE_DEBUG_INFO = NO;
				SDKROOT = iphoneos;
				VALIDATE_PRODUCT = YES;
			};
			name = Release;
		};
		85BDF0CB20F33CE30079FB7F /* Debug */ = {
			isa = XCBuildConfiguration;
			baseConfigurationReference = AD2E82203496FE13FEB013BF /* Pods-Shiny-Instagram.debug.xcconfig */;
			buildSettings = {
				ASSETCATALOG_COMPILER_APPICON_NAME = AppIcon;
				CODE_SIGN_IDENTITY = "iPhone Developer";
				CODE_SIGN_STYLE = Automatic;
				DEVELOPMENT_TEAM = 7TGM37S677;
				INFOPLIST_FILE = "Shiny-Instagram/Info.plist";
				LD_RUNPATH_SEARCH_PATHS = (
					"$(inherited)",
					"@executable_path/Frameworks",
				);
				PRODUCT_BUNDLE_IDENTIFIER = "youngmin.Shiny-Instagram";
				PRODUCT_NAME = "$(TARGET_NAME)";
				PROVISIONING_PROFILE_SPECIFIER = "";
				TARGETED_DEVICE_FAMILY = "1,2";
			};
			name = Debug;
		};
		85BDF0CC20F33CE30079FB7F /* Release */ = {
			isa = XCBuildConfiguration;
			baseConfigurationReference = 126FB9003D38D1C031B9DB73 /* Pods-Shiny-Instagram.release.xcconfig */;
			buildSettings = {
				ASSETCATALOG_COMPILER_APPICON_NAME = AppIcon;
				CODE_SIGN_IDENTITY = "iPhone Developer";
				CODE_SIGN_STYLE = Automatic;
				DEVELOPMENT_TEAM = 7TGM37S677;
				INFOPLIST_FILE = "Shiny-Instagram/Info.plist";
				LD_RUNPATH_SEARCH_PATHS = (
					"$(inherited)",
					"@executable_path/Frameworks",
				);
				PRODUCT_BUNDLE_IDENTIFIER = "youngmin.Shiny-Instagram";
				PRODUCT_NAME = "$(TARGET_NAME)";
				PROVISIONING_PROFILE_SPECIFIER = "";
				TARGETED_DEVICE_FAMILY = "1,2";
			};
			name = Release;
		};
		85BDF0CE20F33CE30079FB7F /* Debug */ = {
			isa = XCBuildConfiguration;
			baseConfigurationReference = 6976CC988EBE6DA17F294913 /* Pods-Shiny-InstagramTests.debug.xcconfig */;
			buildSettings = {
				BUNDLE_LOADER = "$(TEST_HOST)";
				CODE_SIGN_STYLE = Automatic;
				DEVELOPMENT_TEAM = 7TGM37S677;
				INFOPLIST_FILE = "Shiny-InstagramTests/Info.plist";
				LD_RUNPATH_SEARCH_PATHS = (
					"$(inherited)",
					"@executable_path/Frameworks",
					"@loader_path/Frameworks",
				);
				PRODUCT_BUNDLE_IDENTIFIER = "youngmin.Shiny-InstagramTests";
				PRODUCT_NAME = "$(TARGET_NAME)";
				TARGETED_DEVICE_FAMILY = "1,2";
				TEST_HOST = "$(BUILT_PRODUCTS_DIR)/Shiny-Instagram.app/Shiny-Instagram";
			};
			name = Debug;
		};
		85BDF0CF20F33CE30079FB7F /* Release */ = {
			isa = XCBuildConfiguration;
			baseConfigurationReference = 04ADBF6FC555511E979BC9B4 /* Pods-Shiny-InstagramTests.release.xcconfig */;
			buildSettings = {
				BUNDLE_LOADER = "$(TEST_HOST)";
				CODE_SIGN_STYLE = Automatic;
				DEVELOPMENT_TEAM = 7TGM37S677;
				INFOPLIST_FILE = "Shiny-InstagramTests/Info.plist";
				LD_RUNPATH_SEARCH_PATHS = (
					"$(inherited)",
					"@executable_path/Frameworks",
					"@loader_path/Frameworks",
				);
				PRODUCT_BUNDLE_IDENTIFIER = "youngmin.Shiny-InstagramTests";
				PRODUCT_NAME = "$(TARGET_NAME)";
				TARGETED_DEVICE_FAMILY = "1,2";
				TEST_HOST = "$(BUILT_PRODUCTS_DIR)/Shiny-Instagram.app/Shiny-Instagram";
			};
			name = Release;
		};
		85BDF0D120F33CE30079FB7F /* Debug */ = {
			isa = XCBuildConfiguration;
			baseConfigurationReference = 3E49CC0939B605FCDB86087B /* Pods-Shiny-InstagramUITests.debug.xcconfig */;
			buildSettings = {
				CODE_SIGN_STYLE = Automatic;
				DEVELOPMENT_TEAM = 7TGM37S677;
				INFOPLIST_FILE = "Shiny-InstagramUITests/Info.plist";
				LD_RUNPATH_SEARCH_PATHS = (
					"$(inherited)",
					"@executable_path/Frameworks",
					"@loader_path/Frameworks",
				);
				PRODUCT_BUNDLE_IDENTIFIER = "youngmin.Shiny-InstagramUITests";
				PRODUCT_NAME = "$(TARGET_NAME)";
				TARGETED_DEVICE_FAMILY = "1,2";
				TEST_TARGET_NAME = "Shiny-Instagram";
			};
			name = Debug;
		};
		85BDF0D220F33CE30079FB7F /* Release */ = {
			isa = XCBuildConfiguration;
			baseConfigurationReference = 56D345886A057C020CF6834A /* Pods-Shiny-InstagramUITests.release.xcconfig */;
			buildSettings = {
				CODE_SIGN_STYLE = Automatic;
				DEVELOPMENT_TEAM = 7TGM37S677;
				INFOPLIST_FILE = "Shiny-InstagramUITests/Info.plist";
				LD_RUNPATH_SEARCH_PATHS = (
					"$(inherited)",
					"@executable_path/Frameworks",
					"@loader_path/Frameworks",
				);
				PRODUCT_BUNDLE_IDENTIFIER = "youngmin.Shiny-InstagramUITests";
				PRODUCT_NAME = "$(TARGET_NAME)";
				TARGETED_DEVICE_FAMILY = "1,2";
				TEST_TARGET_NAME = "Shiny-Instagram";
			};
			name = Release;
		};
/* End XCBuildConfiguration section */

/* Begin XCConfigurationList section */
		85BDF09920F33CE10079FB7F /* Build configuration list for PBXProject "Shiny-Instagram" */ = {
			isa = XCConfigurationList;
			buildConfigurations = (
				85BDF0C820F33CE30079FB7F /* Debug */,
				85BDF0C920F33CE30079FB7F /* Release */,
			);
			defaultConfigurationIsVisible = 0;
			defaultConfigurationName = Release;
		};
		85BDF0CA20F33CE30079FB7F /* Build configuration list for PBXNativeTarget "Shiny-Instagram" */ = {
			isa = XCConfigurationList;
			buildConfigurations = (
				85BDF0CB20F33CE30079FB7F /* Debug */,
				85BDF0CC20F33CE30079FB7F /* Release */,
			);
			defaultConfigurationIsVisible = 0;
			defaultConfigurationName = Release;
		};
		85BDF0CD20F33CE30079FB7F /* Build configuration list for PBXNativeTarget "Shiny-InstagramTests" */ = {
			isa = XCConfigurationList;
			buildConfigurations = (
				85BDF0CE20F33CE30079FB7F /* Debug */,
				85BDF0CF20F33CE30079FB7F /* Release */,
			);
			defaultConfigurationIsVisible = 0;
			defaultConfigurationName = Release;
		};
		85BDF0D020F33CE30079FB7F /* Build configuration list for PBXNativeTarget "Shiny-InstagramUITests" */ = {
			isa = XCConfigurationList;
			buildConfigurations = (
				85BDF0D120F33CE30079FB7F /* Debug */,
				85BDF0D220F33CE30079FB7F /* Release */,
			);
			defaultConfigurationIsVisible = 0;
			defaultConfigurationName = Release;
		};
/* End XCConfigurationList section */
	};
	rootObject = 85BDF09620F33CE10079FB7F /* Project object */;
}
